
Microsoft Visual Studio Solution File, Format Version 12.00
# Visual Studio Version 16
VisualStudioVersion = 25.0.1706.6
MinimumVisualStudioVersion = 10.0.40219.1
Project("{FAE04EC0-301F-11D3-BF4B-00C04F79EFBC}") = "2D_Assignment_4", "2D_Assignment_4\2D_Assignment_4.csproj", "{F817E676-588B-4E90-8A38-9EFCEE151FD7}"
EndProject
Global
	GlobalSection(SolutionConfigurationPlatforms) = preSolution
		Debug|Any CPU = Debug|Any CPU
		Release|Any CPU = Release|Any CPU
	EndGlobalSection
	GlobalSection(ProjectConfigurationPlatforms) = postSolution
		{F817E676-588B-4E90-8A38-9EFCEE151FD7}.Debug|Any CPU.ActiveCfg = Debug|Any CPU
		{F817E676-588B-4E90-8A38-9EFCEE151FD7}.Debug|Any CPU.Build.0 = Debug|Any CPU
		{F817E676-588B-4E90-8A38-9EFCEE151FD7}.Release|Any CPU.ActiveCfg = Release|Any CPU
		{F817E676-588B-4E90-8A38-9EFCEE151FD7}.Release|Any CPU.Build.0 = Release|Any CPU
	EndGlobalSection
	GlobalSection(SolutionProperties) = preSolution
		HideSolutionNode = FALSE
	EndGlobalSection
	GlobalSection(ExtensibilityGlobals) = postSolution
		SolutionGuid = {F3F4F594-8D2A-48C2-859B-48113E24ACB6}
	EndGlobalSection
EndGlobal
